
Microsoft Visual Studio Solution File, Format Version 12.00
# Visual Studio Version 16
VisualStudioVersion = 16.0.31129.286
MinimumVisualStudioVersion = 10.0.40219.1
Project("{8BC9CEB8-8B4A-11D0-8D11-00A0C91BC942}") = "FIFOAids", "FIFOAids\FIFOAids.vcxproj", "{C6D5D515-A7FA-4033-A60B-6ECBEABB1FD7}"
EndProject
Global
	GlobalSection(SolutionConfigurationPlatforms) = preSolution
		Debug|x64 = Debug|x64
		Debug|x86 = Debug|x86
		Release|x64 = Release|x64
		Release|x86 = Release|x86
	EndGlobalSection
	GlobalSection(ProjectConfigurationPlatforms) = postSolution
		{C6D5D515-A7FA-4033-A60B-6ECBEABB1FD7}.Debug|x64.ActiveCfg = Debug|x64
		{C6D5D515-A7FA-4033-A60B-6ECBEABB1FD7}.Debug|x64.Build.0 = Debug|x64
		{C6D5D515-A7FA-4033-A60B-6ECBEABB1FD7}.Debug|x86.ActiveCfg = Debug|Win32
		{C6D5D515-A7FA-4033-A60B-6ECBEABB1FD7}.Debug|x86.Build.0 = Debug|Win32
		{C6D5D515-A7FA-4033-A60B-6ECBEABB1FD7}.Release|x64.ActiveCfg = Release|x64
		{C6D5D515-A7FA-4033-A60B-6ECBEABB1FD7}.Release|x64.Build.0 = Release|x64
		{C6D5D515-A7FA-4033-A60B-6ECBEABB1FD7}.Release|x86.ActiveCfg = Release|Win32
		{C6D5D515-A7FA-4033-A60B-6ECBEABB1FD7}.Release|x86.Build.0 = Release|Win32
	EndGlobalSection
	GlobalSection(SolutionProperties) = preSolution
		HideSolutionNode = FALSE
	EndGlobalSection
	GlobalSection(ExtensibilityGlobals) = postSolution
		SolutionGuid = {144E5D62-41D6-4D37-BB4B-6CFA3FA3A3BC}
	EndGlobalSection
EndGlobal
